// !$*UTF8*$!
{
	archiveVersion = 1;
	classes = {
	};
	objectVersion = 77;
	objects = {

/* Begin PBXBuildFile section */
		FB656E5C2FEE7AF60020D6CD /* UniformTypeIdentifiers.framework in Frameworks */ = {isa = PBXBuildFile; fileRef = FB656E5B2FEE7AF60020D6CD /* UniformTypeIdentifiers.framework */; };
		FB656E682FEE7AF60020D6CD /* SpikeExtension.appex in Embed Foundation Extensions */ = {isa = PBXBuildFile; fileRef = FB656E592FEE7AF60020D6CD /* SpikeExtension.appex */; settings = {ATTRIBUTES = (RemoveHeadersOnCopy, ); }; };
		FB656E6F2FEE7CB90020D6CD /* FileProvider.framework in Frameworks */ = {isa = PBXBuildFile; fileRef = FB656E6E2FEE7CB90020D6CD /* FileProvider.framework */; };
		FB656E702FEE7CC40020D6CD /* FileProvider.framework in Frameworks */ = {isa = PBXBuildFile; fileRef = FB656E6E2FEE7CB90020D6CD /* FileProvider.framework */; };
/* End PBXBuildFile section */

/* Begin PBXContainerItemProxy section */
		FB656E392FEE7A320020D6CD /* PBXContainerItemProxy */ = {
			isa = PBXContainerItemProxy;
			containerPortal = FB656E212FEE7A310020D6CD /* Project object */;
			proxyType = 1;
			remoteGlobalIDString = FB656E282FEE7A310020D6CD;
			remoteInfo = SpikeApp;
		};
		FB656E432FEE7A320020D6CD /* PBXContainerItemProxy */ = {
			isa = PBXContainerItemProxy;
			containerPortal = FB656E212FEE7A310020D6CD /* Project object */;
			proxyType = 1;
			remoteGlobalIDString = FB656E282FEE7A310020D6CD;
			remoteInfo = SpikeApp;
		};
		FB656E662FEE7AF60020D6CD /* PBXContainerItemProxy */ = {
			isa = PBXContainerItemProxy;
			containerPortal = FB656E212FEE7A310020D6CD /* Project object */;
			proxyType = 1;
			remoteGlobalIDString = FB656E582FEE7AF60020D6CD;
			remoteInfo = SpikeExtension;
		};
/* End PBXContainerItemProxy section */

/* Begin PBXCopyFilesBuildPhase section */
		FB656E6D2FEE7AF60020D6CD /* Embed Foundation Extensions */ = {
			isa = PBXCopyFilesBuildPhase;
			buildActionMask = 2147483647;
			dstPath = "";
			dstSubfolderSpec = 13;
			files = (
				FB656E682FEE7AF60020D6CD /* SpikeExtension.appex in Embed Foundation Extensions */,
			);
			name = "Embed Foundation Extensions";
			runOnlyForDeploymentPostprocessing = 0;
		};
/* End PBXCopyFilesBuildPhase section */

/* Begin PBXFileReference section */
		FB656E292FEE7A310020D6CD /* SpikeApp.app */ = {isa = PBXFileReference; explicitFileType = wrapper.application; includeInIndex = 0; path = SpikeApp.app; sourceTree = BUILT_PRODUCTS_DIR; };
		FB656E382FEE7A320020D6CD /* SpikeAppTests.xctest */ = {isa = PBXFileReference; explicitFileType = wrapper.cfbundle; includeInIndex = 0; path = SpikeAppTests.xctest; sourceTree = BUILT_PRODUCTS_DIR; };
		FB656E422FEE7A320020D6CD /* SpikeAppUITests.xctest */ = {isa = PBXFileReference; explicitFileType = wrapper.cfbundle; includeInIndex = 0; path = SpikeAppUITests.xctest; sourceTree = BUILT_PRODUCTS_DIR; };
		FB656E592FEE7AF60020D6CD /* SpikeExtension.appex */ = {isa = PBXFileReference; explicitFileType = "wrapper.app-extension"; includeInIndex = 0; path = SpikeExtension.appex; sourceTree = BUILT_PRODUCTS_DIR; };
		FB656E5B2FEE7AF60020D6CD /* UniformTypeIdentifiers.framework */ = {isa = PBXFileReference; lastKnownFileType = wrapper.framework; name = UniformTypeIdentifiers.framework; path = System/Library/Frameworks/UniformTypeIdentifiers.framework; sourceTree = SDKROOT; };
		FB656E6E2FEE7CB90020D6CD /* FileProvider.framework */ = {isa = PBXFileReference; lastKnownFileType = wrapper.framework; name = FileProvider.framework; path = System/Library/PrivateFrameworks/FileProvider.framework; sourceTree = SDKROOT; };
/* End PBXFileReference section */

/* Begin PBXFileSystemSynchronizedBuildFileExceptionSet section */
		FB656E692FEE7AF60020D6CD /* Exceptions for "SpikeExtension" folder in "SpikeExtension" target */ = {
			isa = PBXFileSystemSynchronizedBuildFileExceptionSet;
			membershipExceptions = (
				Info.plist,
			);
			target = FB656E582FEE7AF60020D6CD /* SpikeExtension */;
		};
		FB656E8F2FEE85EB0020D6CD /* Exceptions for "SpikeApp" folder in "SpikeExtension" target */ = {
			isa = PBXFileSystemSynchronizedBuildFileExceptionSet;
			membershipExceptions = (
				Config.local.swift,
			);
			target = FB656E582FEE7AF60020D6CD /* SpikeExtension */;
		};
/* End PBXFileSystemSynchronizedBuildFileExceptionSet section */

/* Begin PBXFileSystemSynchronizedRootGroup section */
		FB656E2B2FEE7A310020D6CD /* SpikeApp */ = {
			isa = PBXFileSystemSynchronizedRootGroup;
			exceptions = (
				FB656E8F2FEE85EB0020D6CD /* Exceptions for "SpikeApp" folder in "SpikeExtension" target */,
			);
			path = SpikeApp;
			sourceTree = "<group>";
		};
		FB656E3B2FEE7A320020D6CD /* SpikeAppTests */ = {
			isa = PBXFileSystemSynchronizedRootGroup;
			path = SpikeAppTests;
			sourceTree = "<group>";
		};
		FB656E452FEE7A320020D6CD /* SpikeAppUITests */ = {
			isa = PBXFileSystemSynchronizedRootGroup;
			path = SpikeAppUITests;
			sourceTree = "<group>";
		};
		FB656E5D2FEE7AF60020D6CD /* SpikeExtension */ = {
			isa = PBXFileSystemSynchronizedRootGroup;
			exceptions = (
				FB656E692FEE7AF60020D6CD /* Exceptions for "SpikeExtension" folder in "SpikeExtension" target */,
			);
			path = SpikeExtension;
			sourceTree = "<group>";
		};
/* End PBXFileSystemSynchronizedRootGroup section */

/* Begin PBXFrameworksBuildPhase section */
		FB656E262FEE7A310020D6CD /* Frameworks */ = {
			isa = PBXFrameworksBuildPhase;
			buildActionMask = 2147483647;
			files = (
				FB656E6F2FEE7CB90020D6CD /* FileProvider.framework in Frameworks */,
			);
			runOnlyForDeploymentPostprocessing = 0;
		};
		FB656E352FEE7A320020D6CD /* Frameworks */ = {
			isa = PBXFrameworksBuildPhase;
			buildActionMask = 2147483647;
			files = (
			);
			runOnlyForDeploymentPostprocessing = 0;
		};
		FB656E3F2FEE7A320020D6CD /* Frameworks */ = {
			isa = PBXFrameworksBuildPhase;
			buildActionMask = 2147483647;
			files = (
			);
			runOnlyForDeploymentPostprocessing = 0;
		};
		FB656E562FEE7AF60020D6CD /* Frameworks */ = {
			isa = PBXFrameworksBuildPhase;
			buildActionMask = 2147483647;
			files = (
				FB656E702FEE7CC40020D6CD /* FileProvider.framework in Frameworks */,
				FB656E5C2FEE7AF60020D6CD /* UniformTypeIdentifiers.framework in Frameworks */,
			);
			runOnlyForDeploymentPostprocessing = 0;
		};
/* End PBXFrameworksBuildPhase section */

/* Begin PBXGroup section */
		FB656E202FEE7A310020D6CD = {
			isa = PBXGroup;
			children = (
				FB656E2B2FEE7A310020D6CD /* SpikeApp */,
				FB656E3B2FEE7A320020D6CD /* SpikeAppTests */,
				FB656E452FEE7A320020D6CD /* SpikeAppUITests */,
				FB656E5D2FEE7AF60020D6CD /* SpikeExtension */,
				FB656E5A2FEE7AF60020D6CD /* Frameworks */,
				FB656E2A2FEE7A310020D6CD /* Products */,
			);
			sourceTree = "<group>";
		};
		FB656E2A2FEE7A310020D6CD /* Products */ = {
			isa = PBXGroup;
			children = (
				FB656E292FEE7A310020D6CD /* SpikeApp.app */,
				FB656E382FEE7A320020D6CD /* SpikeAppTests.xctest */,
				FB656E422FEE7A320020D6CD /* SpikeAppUITests.xctest */,
				FB656E592FEE7AF60020D6CD /* SpikeExtension.appex */,
			);
			name = Products;
			sourceTree = "<group>";
		};
		FB656E5A2FEE7AF60020D6CD /* Frameworks */ = {
			isa = PBXGroup;
			children = (
				FB656E6E2FEE7CB90020D6CD /* FileProvider.framework */,
				FB656E5B2FEE7AF60020D6CD /* UniformTypeIdentifiers.framework */,
			);
			name = Frameworks;
			sourceTree = "<group>";
		};
/* End PBXGroup section */

/* Begin PBXNativeTarget section */
		FB656E282FEE7A310020D6CD /* SpikeApp */ = {
			isa = PBXNativeTarget;
			buildConfigurationList = FB656E4C2FEE7A320020D6CD /* Build configuration list for PBXNativeTarget "SpikeApp" */;
			buildPhases = (
				FB656E252FEE7A310020D6CD /* Sources */,
				FB656E262FEE7A310020D6CD /* Frameworks */,
				FB656E272FEE7A310020D6CD /* Resources */,
				FB656E6D2FEE7AF60020D6CD /* Embed Foundation Extensions */,
			);
			buildRules = (
			);
			dependencies = (
				FB656E672FEE7AF60020D6CD /* PBXTargetDependency */,
			);
			fileSystemSynchronizedGroups = (
				FB656E2B2FEE7A310020D6CD /* SpikeApp */,
			);
			name = SpikeApp;
			packageProductDependencies = (
			);
			productName = SpikeApp;
			productReference = FB656E292FEE7A310020D6CD /* SpikeApp.app */;
			productType = "com.apple.product-type.application";
		};
		FB656E372FEE7A320020D6CD /* SpikeAppTests */ = {
			isa = PBXNativeTarget;
			buildConfigurationList = FB656E4F2FEE7A320020D6CD /* Build configuration list for PBXNativeTarget "SpikeAppTests" */;
			buildPhases = (
				FB656E342FEE7A320020D6CD /* Sources */,
				FB656E352FEE7A320020D6CD /* Frameworks */,
				FB656E362FEE7A320020D6CD /* Resources */,
			);
			buildRules = (
			);
			dependencies = (
				FB656E3A2FEE7A320020D6CD /* PBXTargetDependency */,
			);
			fileSystemSynchronizedGroups = (
				FB656E3B2FEE7A320020D6CD /* SpikeAppTests */,
			);
			name = SpikeAppTests;
			packageProductDependencies = (
			);
			productName = SpikeAppTests;
			productReference = FB656E382FEE7A320020D6CD /* SpikeAppTests.xctest */;
			productType = "com.apple.product-type.bundle.unit-test";
		};
		FB656E412FEE7A320020D6CD /* SpikeAppUITests */ = {
			isa = PBXNativeTarget;
			buildConfigurationList = FB656E522FEE7A320020D6CD /* Build configuration list for PBXNativeTarget "SpikeAppUITests" */;
			buildPhases = (
				FB656E3E2FEE7A320020D6CD /* Sources */,
				FB656E3F2FEE7A320020D6CD /* Frameworks */,
				FB656E402FEE7A320020D6CD /* Resources */,
			);
			buildRules = (
			);
			dependencies = (
				FB656E442FEE7A320020D6CD /* PBXTargetDependency */,
			);
			fileSystemSynchronizedGroups = (
				FB656E452FEE7A320020D6CD /* SpikeAppUITests */,
			);
			name = SpikeAppUITests;
			packageProductDependencies = (
			);
			productName = SpikeAppUITests;
			productReference = FB656E422FEE7A320020D6CD /* SpikeAppUITests.xctest */;
			productType = "com.apple.product-type.bundle.ui-testing";
		};
		FB656E582FEE7AF60020D6CD /* SpikeExtension */ = {
			isa = PBXNativeTarget;
			buildConfigurationList = FB656E6A2FEE7AF60020D6CD /* Build configuration list for PBXNativeTarget "SpikeExtension" */;
			buildPhases = (
				FB656E552FEE7AF60020D6CD /* Sources */,
				FB656E562FEE7AF60020D6CD /* Frameworks */,
				FB656E572FEE7AF60020D6CD /* Resources */,
			);
			buildRules = (
			);
			dependencies = (
			);
			fileSystemSynchronizedGroups = (
				FB656E5D2FEE7AF60020D6CD /* SpikeExtension */,
			);
			name = SpikeExtension;
			packageProductDependencies = (
			);
			productName = SpikeExtension;
			productReference = FB656E592FEE7AF60020D6CD /* SpikeExtension.appex */;
			productType = "com.apple.product-type.app-extension";
		};
/* End PBXNativeTarget section */

/* Begin PBXProject section */
		FB656E212FEE7A310020D6CD /* Project object */ = {
			isa = PBXProject;
			attributes = {
				BuildIndependentTargetsInParallel = 1;
				LastSwiftUpdateCheck = 2630;
				LastUpgradeCheck = 2630;
				TargetAttributes = {
					FB656E282FEE7A310020D6CD = {
						CreatedOnToolsVersion = 26.3;
					};
					FB656E372FEE7A320020D6CD = {
						CreatedOnToolsVersion = 26.3;
						TestTargetID = FB656E282FEE7A310020D6CD;
					};
					FB656E412FEE7A320020D6CD = {
						CreatedOnToolsVersion = 26.3;
						TestTargetID = FB656E282FEE7A310020D6CD;
					};
					FB656E582FEE7AF60020D6CD = {
						CreatedOnToolsVersion = 26.3;
					};
				};
			};
			buildConfigurationList = FB656E242FEE7A310020D6CD /* Build configuration list for PBXProject "SpikeApp" */;
			developmentRegion = en;
			hasScannedForEncodings = 0;
			knownRegions = (
				en,
				Base,
			);
			mainGroup = FB656E202FEE7A310020D6CD;
			minimizedProjectReferenceProxies = 1;
			preferredProjectObjectVersion = 77;
			productRefGroup = FB656E2A2FEE7A310020D6CD /* Products */;
			projectDirPath = "";
			projectRoot = "";
			targets = (
				FB656E282FEE7A310020D6CD /* SpikeApp */,
				FB656E372FEE7A320020D6CD /* SpikeAppTests */,
				FB656E412FEE7A320020D6CD /* SpikeAppUITests */,
				FB656E582FEE7AF60020D6CD /* SpikeExtension */,
			);
		};
/* End PBXProject section */

/* Begin PBXResourcesBuildPhase section */
		FB656E272FEE7A310020D6CD /* Resources */ = {
			isa = PBXResourcesBuildPhase;
			buildActionMask = 2147483647;
			files = (
			);
			runOnlyForDeploymentPostprocessing = 0;
		};
		FB656E362FEE7A320020D6CD /* Resources */ = {
			isa = PBXResourcesBuildPhase;
			buildActionMask = 2147483647;
			files = (
			);
			runOnlyForDeploymentPostprocessing = 0;
		};
		FB656E402FEE7A320020D6CD /* Resources */ = {
			isa = PBXResourcesBuildPhase;
			buildActionMask = 2147483647;
			files = (
			);
			runOnlyForDeploymentPostprocessing = 0;
		};
		FB656E572FEE7AF60020D6CD /* Resources */ = {
			isa = PBXResourcesBuildPhase;
			buildActionMask = 2147483647;
			files = (
			);
			runOnlyForDeploymentPostprocessing = 0;
		};
/* End PBXResourcesBuildPhase section */

/* Begin PBXSourcesBuildPhase section */
		FB656E252FEE7A310020D6CD /* Sources */ = {
			isa = PBXSourcesBuildPhase;
			buildActionMask = 2147483647;
			files = (
			);
			runOnlyForDeploymentPostprocessing = 0;
		};
		FB656E342FEE7A320020D6CD /* Sources */ = {
			isa = PBXSourcesBuildPhase;
			buildActionMask = 2147483647;
			files = (
			);
			runOnlyForDeploymentPostprocessing = 0;
		};
		FB656E3E2FEE7A320020D6CD /* Sources */ = {
			isa = PBXSourcesBuildPhase;
			buildActionMask = 2147483647;
			files = (
			);
			runOnlyForDeploymentPostprocessing = 0;
		};
		FB656E552FEE7AF60020D6CD /* Sources */ = {
			isa = PBXSourcesBuildPhase;
			buildActionMask = 2147483647;
			files = (
			);
			runOnlyForDeploymentPostprocessing = 0;
		};
/* End PBXSourcesBuildPhase section */

/* Begin PBXTargetDependency section */
		FB656E3A2FEE7A320020D6CD /* PBXTargetDependency */ = {
			isa = PBXTargetDependency;
			target = FB656E282FEE7A310020D6CD /* SpikeApp */;
			targetProxy = FB656E392FEE7A320020D6CD /* PBXContainerItemProxy */;
		};
		FB656E442FEE7A320020D6CD /* PBXTargetDependency */ = {
			isa = PBXTargetDependency;
			target = FB656E282FEE7A310020D6CD /* SpikeApp */;
			targetProxy = FB656E432FEE7A320020D6CD /* PBXContainerItemProxy */;
		};
		FB656E672FEE7AF60020D6CD /* PBXTargetDependency */ = {
			isa = PBXTargetDependency;
			target = FB656E582FEE7AF60020D6CD /* SpikeExtension */;
			targetProxy = FB656E662FEE7AF60020D6CD /* PBXContainerItemProxy */;
		};
/* End PBXTargetDependency section */

/* Begin XCBuildConfiguration section */
		FB656E4A2FEE7A320020D6CD /* Debug */ = {
			isa = XCBuildConfiguration;
			buildSettings = {
				ALWAYS_SEARCH_USER_PATHS = NO;
				ASSETCATALOG_COMPILER_GENERATE_SWIFT_ASSET_SYMBOL_EXTENSIONS = YES;
				CLANG_ANALYZER_NONNULL = YES;
				CLANG_ANALYZER_NUMBER_OBJECT_CONVERSION = YES_AGGRESSIVE;
				CLANG_CXX_LANGUAGE_STANDARD = "gnu++20";
				CLANG_ENABLE_MODULES = YES;
				CLANG_ENABLE_OBJC_ARC = YES;
				CLANG_ENABLE_OBJC_WEAK = YES;
				CLANG_WARN_BLOCK_CAPTURE_AUTORELEASING = YES;
				CLANG_WARN_BOOL_CONVERSION = YES;
				CLANG_WARN_COMMA = YES;
				CLANG_WARN_CONSTANT_CONVERSION = YES;
				CLANG_WARN_DEPRECATED_OBJC_IMPLEMENTATIONS = YES;
				CLANG_WARN_DIRECT_OBJC_ISA_USAGE = YES_ERROR;
				CLANG_WARN_DOCUMENTATION_COMMENTS = YES;
				CLANG_WARN_EMPTY_BODY = YES;
				CLANG_WARN_ENUM_CONVERSION = YES;
				CLANG_WARN_INFINITE_RECURSION = YES;
				CLANG_WARN_INT_CONVERSION = YES;
				CLANG_WARN_NON_LITERAL_NULL_CONVERSION = YES;
				CLANG_WARN_OBJC_IMPLICIT_RETAIN_SELF = YES;
				CLANG_WARN_OBJC_LITERAL_CONVERSION = YES;
				CLANG_WARN_OBJC_ROOT_CLASS = YES_ERROR;
				CLANG_WARN_QUOTED_INCLUDE_IN_FRAMEWORK_HEADER = YES;
				CLANG_WARN_RANGE_LOOP_ANALYSIS = YES;
				CLANG_WARN_STRICT_PROTOTYPES = YES;
				CLANG_WARN_SUSPICIOUS_MOVE = YES;
				CLANG_WARN_UNGUARDED_AVAILABILITY = YES_AGGRESSIVE;
				CLANG_WARN_UNREACHABLE_CODE = YES;
				CLANG_WARN__DUPLICATE_METHOD_MATCH = YES;
				COPY_PHASE_STRIP = NO;
				DEBUG_INFORMATION_FORMAT = dwarf;
				DEVELOPMENT_TEAM = YEB6B8BE7X;
				ENABLE_STRICT_OBJC_MSGSEND = YES;
				ENABLE_TESTABILITY = YES;
				ENABLE_USER_SCRIPT_SANDBOXING = YES;
				GCC_C_LANGUAGE_STANDARD = gnu17;
				GCC_DYNAMIC_NO_PIC = NO;
				GCC_NO_COMMON_BLOCKS = YES;
				GCC_OPTIMIZATION_LEVEL = 0;
				GCC_PREPROCESSOR_DEFINITIONS = (
					"DEBUG=1",
					"$(inherited)",
				);
				GCC_WARN_64_TO_32_BIT_CONVERSION = YES;
				GCC_WARN_ABOUT_RETURN_TYPE = YES_ERROR;
				GCC_WARN_UNDECLARED_SELECTOR = YES;
				GCC_WARN_UNINITIALIZED_AUTOS = YES_AGGRESSIVE;
				GCC_WARN_UNUSED_FUNCTION = YES;
				GCC_WARN_UNUSED_VARIABLE = YES;
				LOCALIZATION_PREFERS_STRING_CATALOGS = YES;
				MACOSX_DEPLOYMENT_TARGET = 26.2;
				MTL_ENABLE_DEBUG_INFO = INCLUDE_SOURCE;
				MTL_FAST_MATH = YES;
				ONLY_ACTIVE_ARCH = YES;
				SDKROOT = macosx;
				SWIFT_ACTIVE_COMPILATION_CONDITIONS = "DEBUG $(inherited)";
				SWIFT_OPTIMIZATION_LEVEL = "-Onone";
			};
			name = Debug;
		};
		FB656E4B2FEE7A320020D6CD /* Release */ = {
			isa = XCBuildConfiguration;
			buildSettings = {
				ALWAYS_SEARCH_USER_PATHS = NO;
				ASSETCATALOG_COMPILER_GENERATE_SWIFT_ASSET_SYMBOL_EXTENSIONS = YES;
				CLANG_ANALYZER_NONNULL = YES;
				CLANG_ANALYZER_NUMBER_OBJECT_CONVERSION = YES_AGGRESSIVE;
				CLANG_CXX_LANGUAGE_STANDARD = "gnu++20";
				CLANG_ENABLE_MODULES = YES;
				CLANG_ENABLE_OBJC_ARC = YES;
				CLANG_ENABLE_OBJC_WEAK = YES;
				CLANG_WARN_BLOCK_CAPTURE_AUTORELEASING = YES;
				CLANG_WARN_BOOL_CONVERSION = YES;
				CLANG_WARN_COMMA = YES;
				CLANG_WARN_CONSTANT_CONVERSION = YES;
				CLANG_WARN_DEPRECATED_OBJC_IMPLEMENTATIONS = YES;
				CLANG_WARN_DIRECT_OBJC_ISA_USAGE = YES_ERROR;
				CLANG_WARN_DOCUMENTATION_COMMENTS = YES;
				CLANG_WARN_EMPTY_BODY = YES;
				CLANG_WARN_ENUM_CONVERSION = YES;
				CLANG_WARN_INFINITE_RECURSION = YES;
				CLANG_WARN_INT_CONVERSION = YES;
				CLANG_WARN_NON_LITERAL_NULL_CONVERSION = YES;
				CLANG_WARN_OBJC_IMPLICIT_RETAIN_SELF = YES;
				CLANG_WARN_OBJC_LITERAL_CONVERSION = YES;
				CLANG_WARN_OBJC_ROOT_CLASS = YES_ERROR;
				CLANG_WARN_QUOTED_INCLUDE_IN_FRAMEWORK_HEADER = YES;
				CLANG_WARN_RANGE_LOOP_ANALYSIS = YES;
				CLANG_WARN_STRICT_PROTOTYPES = YES;
				CLANG_WARN_SUSPICIOUS_MOVE = YES;
				CLANG_WARN_UNGUARDED_AVAILABILITY = YES_AGGRESSIVE;
				CLANG_WARN_UNREACHABLE_CODE = YES;
				CLANG_WARN__DUPLICATE_METHOD_MATCH = YES;
				COPY_PHASE_STRIP = NO;
				DEBUG_INFORMATION_FORMAT = "dwarf-with-dsym";
				DEVELOPMENT_TEAM = YEB6B8BE7X;
				ENABLE_NS_ASSERTIONS = NO;
				ENABLE_STRICT_OBJC_MSGSEND = YES;
				ENABLE_USER_SCRIPT_SANDBOXING = YES;
				GCC_C_LANGUAGE_STANDARD = gnu17;
				GCC_NO_COMMON_BLOCKS = YES;
				GCC_WARN_64_TO_32_BIT_CONVERSION = YES;
				GCC_WARN_ABOUT_RETURN_TYPE = YES_ERROR;
				GCC_WARN_UNDECLARED_SELECTOR = YES;
				GCC_WARN_UNINITIALIZED_AUTOS = YES_AGGRESSIVE;
				GCC_WARN_UNUSED_FUNCTION = YES;
				GCC_WARN_UNUSED_VARIABLE = YES;
				LOCALIZATION_PREFERS_STRING_CATALOGS = YES;
				MACOSX_DEPLOYMENT_TARGET = 26.2;
				MTL_ENABLE_DEBUG_INFO = NO;
				MTL_FAST_MATH = YES;
				SDKROOT = macosx;
				SWIFT_COMPILATION_MODE = wholemodule;
			};
			name = Release;
		};
		FB656E4D2FEE7A320020D6CD /* Debug */ = {
			isa = XCBuildConfiguration;
			buildSettings = {
				ASSETCATALOG_COMPILER_APPICON_NAME = AppIcon;
				ASSETCATALOG_COMPILER_GLOBAL_ACCENT_COLOR_NAME = AccentColor;
				CODE_SIGN_ENTITLEMENTS = SpikeApp/SpikeApp.entitlements;
				CODE_SIGN_STYLE = Automatic;
				COMBINE_HIDPI_IMAGES = YES;
				CURRENT_PROJECT_VERSION = 1;
				DEVELOPMENT_TEAM = YEB6B8BE7X;
				ENABLE_APP_SANDBOX = YES;
				ENABLE_HARDENED_RUNTIME = YES;
				ENABLE_PREVIEWS = YES;
				ENABLE_USER_SELECTED_FILES = readonly;
				GENERATE_INFOPLIST_FILE = YES;
				INFOPLIST_KEY_LSUIElement = YES;
				INFOPLIST_KEY_NSHumanReadableCopyright = "";
				LD_RUNPATH_SEARCH_PATHS = (
					"$(inherited)",
					"@executable_path/../Frameworks",
				);
				MACOSX_DEPLOYMENT_TARGET = 13.5;
				MARKETING_VERSION = 1.0;
				PRODUCT_BUNDLE_IDENTIFIER = dev.drnkn.SpikeApp;
				PRODUCT_NAME = "$(TARGET_NAME)";
				REGISTER_APP_GROUPS = YES;
				STRING_CATALOG_GENERATE_SYMBOLS = YES;
				SWIFT_APPROACHABLE_CONCURRENCY = YES;
				SWIFT_DEFAULT_ACTOR_ISOLATION = MainActor;
				SWIFT_EMIT_LOC_STRINGS = YES;
				SWIFT_UPCOMING_FEATURE_MEMBER_IMPORT_VISIBILITY = YES;
				SWIFT_VERSION = 5.0;
				SYSTEM_FRAMEWORK_SEARCH_PATHS = (
					"$(inherited)",
					"$(SDKROOT)$(SYSTEM_LIBRARY_DIR)/PrivateFrameworks",
				);
			};
			name = Debug;
		};
		FB656E4E2FEE7A320020D6CD /* Release */ = {
			isa = XCBuildConfiguration;
			buildSettings = {
				ASSETCATALOG_COMPILER_APPICON_NAME = AppIcon;
				ASSETCATALOG_COMPILER_GLOBAL_ACCENT_COLOR_NAME = AccentColor;
				CODE_SIGN_ENTITLEMENTS = SpikeApp/SpikeApp.entitlements;
				CODE_SIGN_STYLE = Automatic;
				COMBINE_HIDPI_IMAGES = YES;
				CURRENT_PROJECT_VERSION = 1;
				DEVELOPMENT_TEAM = YEB6B8BE7X;
				ENABLE_APP_SANDBOX = YES;
				ENABLE_HARDENED_RUNTIME = YES;
				ENABLE_PREVIEWS = YES;
				ENABLE_USER_SELECTED_FILES = readonly;
				GENERATE_INFOPLIST_FILE = YES;
				INFOPLIST_KEY_LSUIElement = YES;
				INFOPLIST_KEY_NSHumanReadableCopyright = "";
				LD_RUNPATH_SEARCH_PATHS = (
					"$(inherited)",
					"@executable_path/../Frameworks",
				);
				MACOSX_DEPLOYMENT_TARGET = 13.5;
				MARKETING_VERSION = 1.0;
				PRODUCT_BUNDLE_IDENTIFIER = dev.drnkn.SpikeApp;
				PRODUCT_NAME = "$(TARGET_NAME)";
				REGISTER_APP_GROUPS = YES;
				STRING_CATALOG_GENERATE_SYMBOLS = YES;
				SWIFT_APPROACHABLE_CONCURRENCY = YES;
				SWIFT_DEFAULT_ACTOR_ISOLATION = MainActor;
				SWIFT_EMIT_LOC_STRINGS = YES;
				SWIFT_UPCOMING_FEATURE_MEMBER_IMPORT_VISIBILITY = YES;
				SWIFT_VERSION = 5.0;
				SYSTEM_FRAMEWORK_SEARCH_PATHS = (
					"$(inherited)",
					"$(SDKROOT)$(SYSTEM_LIBRARY_DIR)/PrivateFrameworks",
				);
			};
			name = Release;
		};
		FB656E502FEE7A320020D6CD /* Debug */ = {
			isa = XCBuildConfiguration;
			buildSettings = {
				BUNDLE_LOADER = "$(TEST_HOST)";
				CODE_SIGN_STYLE = Automatic;
				CURRENT_PROJECT_VERSION = 1;
				DEVELOPMENT_TEAM = YEB6B8BE7X;
				GENERATE_INFOPLIST_FILE = YES;
				MACOSX_DEPLOYMENT_TARGET = 26.2;
				MARKETING_VERSION = 1.0;
				PRODUCT_BUNDLE_IDENTIFIER = dev.drnkn.SpikeAppTests;
				PRODUCT_NAME = "$(TARGET_NAME)";
				STRING_CATALOG_GENERATE_SYMBOLS = NO;
				SWIFT_APPROACHABLE_CONCURRENCY = YES;
				SWIFT_EMIT_LOC_STRINGS = NO;
				SWIFT_UPCOMING_FEATURE_MEMBER_IMPORT_VISIBILITY = YES;
				SWIFT_VERSION = 5.0;
				TEST_HOST = "$(BUILT_PRODUCTS_DIR)/SpikeApp.app/$(BUNDLE_EXECUTABLE_FOLDER_PATH)/SpikeApp";
			};
			name = Debug;
		};
		FB656E512FEE7A320020D6CD /* Release */ = {
			isa = XCBuildConfiguration;
			buildSettings = {
				BUNDLE_LOADER = "$(TEST_HOST)";
				CODE_SIGN_STYLE = Automatic;
				CURRENT_PROJECT_VERSION = 1;
				DEVELOPMENT_TEAM = YEB6B8BE7X;
				GENERATE_INFOPLIST_FILE = YES;
				MACOSX_DEPLOYMENT_TARGET = 26.2;
				MARKETING_VERSION = 1.0;
				PRODUCT_BUNDLE_IDENTIFIER = dev.drnkn.SpikeAppTests;
				PRODUCT_NAME = "$(TARGET_NAME)";
				STRING_CATALOG_GENERATE_SYMBOLS = NO;
				SWIFT_APPROACHABLE_CONCURRENCY = YES;
				SWIFT_EMIT_LOC_STRINGS = NO;
				SWIFT_UPCOMING_FEATURE_MEMBER_IMPORT_VISIBILITY = YES;
				SWIFT_VERSION = 5.0;
				TEST_HOST = "$(BUILT_PRODUCTS_DIR)/SpikeApp.app/$(BUNDLE_EXECUTABLE_FOLDER_PATH)/SpikeApp";
			};
			name = Release;
		};
		FB656E532FEE7A320020D6CD /* Debug */ = {
			isa = XCBuildConfiguration;
			buildSettings = {
				CODE_SIGN_STYLE = Automatic;
				CURRENT_PROJECT_VERSION = 1;
				DEVELOPMENT_TEAM = YEB6B8BE7X;
				GENERATE_INFOPLIST_FILE = YES;
				MARKETING_VERSION = 1.0;
				PRODUCT_BUNDLE_IDENTIFIER = dev.drnkn.SpikeAppUITests;
				PRODUCT_NAME = "$(TARGET_NAME)";
				STRING_CATALOG_GENERATE_SYMBOLS = NO;
				SWIFT_APPROACHABLE_CONCURRENCY = YES;
				SWIFT_EMIT_LOC_STRINGS = NO;
				SWIFT_UPCOMING_FEATURE_MEMBER_IMPORT_VISIBILITY = YES;
				SWIFT_VERSION = 5.0;
				TEST_TARGET_NAME = SpikeApp;
			};
			name = Debug;
		};
		FB656E542FEE7A320020D6CD /* Release */ = {
			isa = XCBuildConfiguration;
			buildSettings = {
				CODE_SIGN_STYLE = Automatic;
				CURRENT_PROJECT_VERSION = 1;
				DEVELOPMENT_TEAM = YEB6B8BE7X;
				GENERATE_INFOPLIST_FILE = YES;
				MARKETING_VERSION = 1.0;
				PRODUCT_BUNDLE_IDENTIFIER = dev.drnkn.SpikeAppUITests;
				PRODUCT_NAME = "$(TARGET_NAME)";
				STRING_CATALOG_GENERATE_SYMBOLS = NO;
				SWIFT_APPROACHABLE_CONCURRENCY = YES;
				SWIFT_EMIT_LOC_STRINGS = NO;
				SWIFT_UPCOMING_FEATURE_MEMBER_IMPORT_VISIBILITY = YES;
				SWIFT_VERSION = 5.0;
				TEST_TARGET_NAME = SpikeApp;
			};
			name = Release;
		};
		FB656E6B2FEE7AF60020D6CD /* Debug */ = {
			isa = XCBuildConfiguration;
			buildSettings = {
				CODE_SIGN_ENTITLEMENTS = SpikeExtension/SpikeExtension.entitlements;
				CODE_SIGN_STYLE = Automatic;
				CURRENT_PROJECT_VERSION = 1;
				DEVELOPMENT_TEAM = YEB6B8BE7X;
				ENABLE_APP_SANDBOX = YES;
				ENABLE_HARDENED_RUNTIME = YES;
				ENABLE_INCOMING_NETWORK_CONNECTIONS = NO;
				ENABLE_OUTGOING_NETWORK_CONNECTIONS = YES;
				ENABLE_RESOURCE_ACCESS_AUDIO_INPUT = NO;
				ENABLE_RESOURCE_ACCESS_BLUETOOTH = NO;
				ENABLE_RESOURCE_ACCESS_CALENDARS = NO;
				ENABLE_RESOURCE_ACCESS_CAMERA = NO;
				ENABLE_RESOURCE_ACCESS_CONTACTS = NO;
				ENABLE_RESOURCE_ACCESS_LOCATION = NO;
				ENABLE_RESOURCE_ACCESS_PRINTING = NO;
				ENABLE_RESOURCE_ACCESS_USB = NO;
				GENERATE_INFOPLIST_FILE = YES;
				INFOPLIST_FILE = SpikeExtension/Info.plist;
				INFOPLIST_KEY_CFBundleDisplayName = SpikeExtension;
				INFOPLIST_KEY_NSHumanReadableCopyright = "";
				LD_RUNPATH_SEARCH_PATHS = (
					"$(inherited)",
					"@executable_path/../Frameworks",
					"@executable_path/../../../../Frameworks",
				);
				MACOSX_DEPLOYMENT_TARGET = 13.5;
				MARKETING_VERSION = 1.0;
				PRODUCT_BUNDLE_IDENTIFIER = dev.drnkn.SpikeApp.SpikeExtension;
				PRODUCT_NAME = "$(TARGET_NAME)";
				SKIP_INSTALL = YES;
				STRING_CATALOG_GENERATE_SYMBOLS = YES;
				SWIFT_APPROACHABLE_CONCURRENCY = YES;
				SWIFT_EMIT_LOC_STRINGS = YES;
				SWIFT_UPCOMING_FEATURE_MEMBER_IMPORT_VISIBILITY = YES;
				SWIFT_VERSION = 5.0;
				SYSTEM_FRAMEWORK_SEARCH_PATHS = (
					"$(inherited)",
					"$(SDKROOT)$(SYSTEM_LIBRARY_DIR)/PrivateFrameworks",
				);
			};
			name = Debug;
		};
		FB656E6C2FEE7AF60020D6CD /* Release */ = {
			isa = XCBuildConfiguration;
			buildSettings = {
				CODE_SIGN_ENTITLEMENTS = SpikeExtension/SpikeExtension.entitlements;
				CODE_SIGN_STYLE = Automatic;
				CURRENT_PROJECT_VERSION = 1;
				DEVELOPMENT_TEAM = YEB6B8BE7X;
				ENABLE_APP_SANDBOX = YES;
				ENABLE_HARDENED_RUNTIME = YES;
				ENABLE_INCOMING_NETWORK_CONNECTIONS = NO;
				ENABLE_OUTGOING_NETWORK_CONNECTIONS = YES;
				ENABLE_RESOURCE_ACCESS_AUDIO_INPUT = NO;
				ENABLE_RESOURCE_ACCESS_BLUETOOTH = NO;
				ENABLE_RESOURCE_ACCESS_CALENDARS = NO;
				ENABLE_RESOURCE_ACCESS_CAMERA = NO;
				ENABLE_RESOURCE_ACCESS_CONTACTS = NO;
				ENABLE_RESOURCE_ACCESS_LOCATION = NO;
				ENABLE_RESOURCE_ACCESS_PRINTING = NO;
				ENABLE_RESOURCE_ACCESS_USB = NO;
				GENERATE_INFOPLIST_FILE = YES;
				INFOPLIST_FILE = SpikeExtension/Info.plist;
				INFOPLIST_KEY_CFBundleDisplayName = SpikeExtension;
				INFOPLIST_KEY_NSHumanReadableCopyright = "";
				LD_RUNPATH_SEARCH_PATHS = (
					"$(inherited)",
					"@executable_path/../Frameworks",
					"@executable_path/../../../../Frameworks",
				);
				MACOSX_DEPLOYMENT_TARGET = 13.5;
				MARKETING_VERSION = 1.0;
				PRODUCT_BUNDLE_IDENTIFIER = dev.drnkn.SpikeApp.SpikeExtension;
				PRODUCT_NAME = "$(TARGET_NAME)";
				SKIP_INSTALL = YES;
				STRING_CATALOG_GENERATE_SYMBOLS = YES;
				SWIFT_APPROACHABLE_CONCURRENCY = YES;
				SWIFT_EMIT_LOC_STRINGS = YES;
				SWIFT_UPCOMING_FEATURE_MEMBER_IMPORT_VISIBILITY = YES;
				SWIFT_VERSION = 5.0;
				SYSTEM_FRAMEWORK_SEARCH_PATHS = (
					"$(inherited)",
					"$(SDKROOT)$(SYSTEM_LIBRARY_DIR)/PrivateFrameworks",
				);
			};
			name = Release;
		};
/* End XCBuildConfiguration section */

/* Begin XCConfigurationList section */
		FB656E242FEE7A310020D6CD /* Build configuration list for PBXProject "SpikeApp" */ = {
			isa = XCConfigurationList;
			buildConfigurations = (
				FB656E4A2FEE7A320020D6CD /* Debug */,
				FB656E4B2FEE7A320020D6CD /* Release */,
			);
			defaultConfigurationIsVisible = 0;
			defaultConfigurationName = Release;
		};
		FB656E4C2FEE7A320020D6CD /* Build configuration list for PBXNativeTarget "SpikeApp" */ = {
			isa = XCConfigurationList;
			buildConfigurations = (
				FB656E4D2FEE7A320020D6CD /* Debug */,
				FB656E4E2FEE7A320020D6CD /* Release */,
			);
			defaultConfigurationIsVisible = 0;
			defaultConfigurationName = Release;
		};
		FB656E4F2FEE7A320020D6CD /* Build configuration list for PBXNativeTarget "SpikeAppTests" */ = {
			isa = XCConfigurationList;
			buildConfigurations = (
				FB656E502FEE7A320020D6CD /* Debug */,
				FB656E512FEE7A320020D6CD /* Release */,
			);
			defaultConfigurationIsVisible = 0;
			defaultConfigurationName = Release;
		};
		FB656E522FEE7A320020D6CD /* Build configuration list for PBXNativeTarget "SpikeAppUITests" */ = {
			isa = XCConfigurationList;
			buildConfigurations = (
				FB656E532FEE7A320020D6CD /* Debug */,
				FB656E542FEE7A320020D6CD /* Release */,
			);
			defaultConfigurationIsVisible = 0;
			defaultConfigurationName = Release;
		};
		FB656E6A2FEE7AF60020D6CD /* Build configuration list for PBXNativeTarget "SpikeExtension" */ = {
			isa = XCConfigurationList;
			buildConfigurations = (
				FB656E6B2FEE7AF60020D6CD /* Debug */,
				FB656E6C2FEE7AF60020D6CD /* Release */,
			);
			defaultConfigurationIsVisible = 0;
			defaultConfigurationName = Release;
		};
/* End XCConfigurationList section */
	};
	rootObject = FB656E212FEE7A310020D6CD /* Project object */;
}
